// !$*UTF8*$!
{
	archiveVersion = 1;
	classes = {
	};
	objectVersion = 50;
	objects = {

/* Begin PBXBuildFile section */
		8420D79E22BBF28B00FB1866 /* AppDelegate.swift in Sources */ = {isa = PBXBuildFile; fileRef = 8420D79D22BBF28B00FB1866 /* AppDelegate.swift */; };
		8420D7A022BBF28B00FB1866 /* ViewController.swift in Sources */ = {isa = PBXBuildFile; fileRef = 8420D79F22BBF28B00FB1866 /* ViewController.swift */; };
		8420D7A322BBF28B00FB1866 /* Main.storyboard in Resources */ = {isa = PBXBuildFile; fileRef = 8420D7A122BBF28B00FB1866 /* Main.storyboard */; };
		8420D7A522BBF28F00FB1866 /* Assets.xcassets in Resources */ = {isa = PBXBuildFile; fileRef = 8420D7A422BBF28F00FB1866 /* Assets.xcassets */; };
		8420D7A822BBF28F00FB1866 /* LaunchScreen.storyboard in Resources */ = {isa = PBXBuildFile; fileRef = 8420D7A622BBF28F00FB1866 /* LaunchScreen.storyboard */; };
		8420D7B322BBF40E00FB1866 /* Localizable.strings in Resources */ = {isa = PBXBuildFile; fileRef = 8420D7B522BBF40E00FB1866 /* Localizable.strings */; };
		84221E1D22BE79FB00314FFE /* LocalizableSystem.swift in Sources */ = {isa = PBXBuildFile; fileRef = 84221E1C22BE79FB00314FFE /* LocalizableSystem.swift */; };
		84221E2122BE80B200314FFE /* RKLocalization.swift in Sources */ = {isa = PBXBuildFile; fileRef = 84221E1E22BE80B100314FFE /* RKLocalization.swift */; };
		84221E2222BE80B200314FFE /* Language.swift in Sources */ = {isa = PBXBuildFile; fileRef = 84221E1F22BE80B100314FFE /* Language.swift */; };
		84221E2322BE80B200314FFE /* Languages.swift in Sources */ = {isa = PBXBuildFile; fileRef = 84221E2022BE80B100314FFE /* Languages.swift */; };
/* End PBXBuildFile section */

/* Begin PBXFileReference section */
		8420D79A22BBF28B00FB1866 /* Localization.app */ = {isa = PBXFileReference; explicitFileType = wrapper.application; includeInIndex = 0; path = Localization.app; sourceTree = BUILT_PRODUCTS_DIR; };
		8420D79D22BBF28B00FB1866 /* AppDelegate.swift */ = {isa = PBXFileReference; lastKnownFileType = sourcecode.swift; path = AppDelegate.swift; sourceTree = "<group>"; };
		8420D79F22BBF28B00FB1866 /* ViewController.swift */ = {isa = PBXFileReference; lastKnownFileType = sourcecode.swift; path = ViewController.swift; sourceTree = "<group>"; };
		8420D7A222BBF28B00FB1866 /* Base */ = {isa = PBXFileReference; lastKnownFileType = file.storyboard; name = Base; path = Base.lproj/Main.storyboard; sourceTree = "<group>"; };
		8420D7A422BBF28F00FB1866 /* Assets.xcassets */ = {isa = PBXFileReference; lastKnownFileType = folder.assetcatalog; path = Assets.xcassets; sourceTree = "<group>"; };
		8420D7A722BBF28F00FB1866 /* Base */ = {isa = PBXFileReference; lastKnownFileType = file.storyboard; name = Base; path = Base.lproj/LaunchScreen.storyboard; sourceTree = "<group>"; };
		8420D7A922BBF28F00FB1866 /* Info.plist */ = {isa = PBXFileReference; lastKnownFileType = text.plist.xml; path = Info.plist; sourceTree = "<group>"; };
		8420D7AF22BBF31F00FB1866 /* ar */ = {isa = PBXFileReference; lastKnownFileType = text.plist.strings; name = ar; path = ar.lproj/Main.strings; sourceTree = "<group>"; };
		8420D7B022BBF31F00FB1866 /* ar */ = {isa = PBXFileReference; lastKnownFileType = text.plist.strings; name = ar; path = ar.lproj/LaunchScreen.strings; sourceTree = "<group>"; };
		8420D7B422BBF40E00FB1866 /* ar */ = {isa = PBXFileReference; lastKnownFileType = text.plist.strings; name = ar; path = ar.lproj/Localizable.strings; sourceTree = "<group>"; };
		8420D7B622BBF42C00FB1866 /* en */ = {isa = PBXFileReference; lastKnownFileType = text.plist.strings; name = en; path = en.lproj/Localizable.strings; sourceTree = "<group>"; };
		84221E1C22BE79FB00314FFE /* LocalizableSystem.swift */ = {isa = PBXFileReference; fileEncoding = 4; lastKnownFileType = sourcecode.swift; path = LocalizableSystem.swift; sourceTree = "<group>"; };
		84221E1E22BE80B100314FFE /* RKLocalization.swift */ = {isa = PBXFileReference; fileEncoding = 4; lastKnownFileType = sourcecode.swift; path = RKLocalization.swift; sourceTree = "<group>"; };
		84221E1F22BE80B100314FFE /* Language.swift */ = {isa = PBXFileReference; fileEncoding = 4; lastKnownFileType = sourcecode.swift; path = Language.swift; sourceTree = "<group>"; };
		84221E2022BE80B100314FFE /* Languages.swift */ = {isa = PBXFileReference; fileEncoding = 4; lastKnownFileType = sourcecode.swift; path = Languages.swift; sourceTree = "<group>"; };
/* End PBXFileReference section */

/* Begin PBXFrameworksBuildPhase section */
		8420D79722BBF28B00FB1866 /* Frameworks */ = {
			isa = PBXFrameworksBuildPhase;
			buildActionMask = 2147483647;
			files = (
			);
			runOnlyForDeploymentPostprocessing = 0;
		};
/* End PBXFrameworksBuildPhase section */

/* Begin PBXGroup section */
		8420D79122BBF28B00FB1866 = {
			isa = PBXGroup;
			children = (
				8420D79C22BBF28B00FB1866 /* Localization */,
				8420D79B22BBF28B00FB1866 /* Products */,
			);
			sourceTree = "<group>";
		};
		8420D79B22BBF28B00FB1866 /* Products */ = {
			isa = PBXGroup;
			children = (
				8420D79A22BBF28B00FB1866 /* Localization.app */,
			);
			name = Products;
			sourceTree = "<group>";
		};
		8420D79C22BBF28B00FB1866 /* Localization */ = {
			isa = PBXGroup;
			children = (
				84221E1F22BE80B100314FFE /* Language.swift */,
				84221E2022BE80B100314FFE /* Languages.swift */,
				84221E1E22BE80B100314FFE /* RKLocalization.swift */,
				8420D79D22BBF28B00FB1866 /* AppDelegate.swift */,
				8420D79F22BBF28B00FB1866 /* ViewController.swift */,
				8420D7A122BBF28B00FB1866 /* Main.storyboard */,
				8420D7A422BBF28F00FB1866 /* Assets.xcassets */,
				84221E1C22BE79FB00314FFE /* LocalizableSystem.swift */,
				8420D7A622BBF28F00FB1866 /* LaunchScreen.storyboard */,
				8420D7A922BBF28F00FB1866 /* Info.plist */,
				8420D7B522BBF40E00FB1866 /* Localizable.strings */,
			);
			path = Localization;
			sourceTree = "<group>";
		};
/* End PBXGroup section */

/* Begin PBXNativeTarget section */
		8420D79922BBF28B00FB1866 /* Localization */ = {
			isa = PBXNativeTarget;
			buildConfigurationList = 8420D7AC22BBF28F00FB1866 /* Build configuration list for PBXNativeTarget "Localization" */;
			buildPhases = (
				8420D79622BBF28B00FB1866 /* Sources */,
				8420D79722BBF28B00FB1866 /* Frameworks */,
				8420D79822BBF28B00FB1866 /* Resources */,
			);
			buildRules = (
			);
			dependencies = (
			);
			name = Localization;
			productName = Localization;
			productReference = 8420D79A22BBF28B00FB1866 /* Localization.app */;
			productType = "com.apple.product-type.application";
		};
/* End PBXNativeTarget section */

/* Begin PBXProject section */
		8420D79222BBF28B00FB1866 /* Project object */ = {
			isa = PBXProject;
			attributes = {
				LastSwiftUpdateCheck = 1010;
				LastUpgradeCheck = 1010;
				ORGANIZATIONNAME = Admin;
				TargetAttributes = {
					8420D79922BBF28B00FB1866 = {
						CreatedOnToolsVersion = 10.1;
					};
				};
			};
			buildConfigurationList = 8420D79522BBF28B00FB1866 /* Build configuration list for PBXProject "Localization" */;
			compatibilityVersion = "Xcode 9.3";
			developmentRegion = en;
			hasScannedForEncodings = 0;
			knownRegions = (
				en,
				Base,
			);
			mainGroup = 8420D79122BBF28B00FB1866;
			productRefGroup = 8420D79B22BBF28B00FB1866 /* Products */;
			projectDirPath = "";
			projectRoot = "";
			targets = (
				8420D79922BBF28B00FB1866 /* Localization */,
			);
		};
/* End PBXProject section */

/* Begin PBXResourcesBuildPhase section */
		8420D79822BBF28B00FB1866 /* Resources */ = {
			isa = PBXResourcesBuildPhase;
			buildActionMask = 2147483647;
			files = (
				8420D7A822BBF28F00FB1866 /* LaunchScreen.storyboard in Resources */,
				8420D7B322BBF40E00FB1866 /* Localizable.strings in Resources */,
				8420D7A522BBF28F00FB1866 /* Assets.xcassets in Resources */,
				8420D7A322BBF28B00FB1866 /* Main.storyboard in Resources */,
			);
			runOnlyForDeploymentPostprocessing = 0;
		};
/* End PBXResourcesBuildPhase section */

/* Begin PBXSourcesBuildPhase section */
		8420D79622BBF28B00FB1866 /* Sources */ = {
			isa = PBXSourcesBuildPhase;
			buildActionMask = 2147483647;
			files = (
				8420D7A022BBF28B00FB1866 /* ViewController.swift in Sources */,
				84221E2222BE80B200314FFE /* Language.swift in Sources */,
				84221E2122BE80B200314FFE /* RKLocalization.swift in Sources */,
				84221E1D22BE79FB00314FFE /* LocalizableSystem.swift in Sources */,
				8420D79E22BBF28B00FB1866 /* AppDelegate.swift in Sources */,
				84221E2322BE80B200314FFE /* Languages.swift in Sources */,
			);
			runOnlyForDeploymentPostprocessing = 0;
		};
/* End PBXSourcesBuildPhase section */

/* Begin PBXVariantGroup section */
		8420D7A122BBF28B00FB1866 /* Main.storyboard */ = {
			isa = PBXVariantGroup;
			children = (
				8420D7A222BBF28B00FB1866 /* Base */,
				8420D7AF22BBF31F00FB1866 /* ar */,
			);
			name = Main.storyboard;
			sourceTree = "<group>";
		};
		8420D7A622BBF28F00FB1866 /* LaunchScreen.storyboard */ = {
			isa = PBXVariantGroup;
			children = (
				8420D7A722BBF28F00FB1866 /* Base */,
				8420D7B022BBF31F00FB1866 /* ar */,
			);
			name = LaunchScreen.storyboard;
			sourceTree = "<group>";
		};
		8420D7B522BBF40E00FB1866 /* Localizable.strings */ = {
			isa = PBXVariantGroup;
			children = (
				8420D7B422BBF40E00FB1866 /* ar */,
				8420D7B622BBF42C00FB1866 /* en */,
			);
			name = Localizable.strings;
			sourceTree = "<group>";
		};
/* End PBXVariantGroup section */

/* Begin XCBuildConfiguration section */
		8420D7AA22BBF28F00FB1866 /* Debug */ = {
			isa = XCBuildConfiguration;
			buildSettings = {
				ALWAYS_SEARCH_USER_PATHS = NO;
				CLANG_ANALYZER_LOCALIZABILITY_NONLOCALIZED = YES;
				CLANG_ANALYZER_NONNULL = YES;
				CLANG_ANALYZER_NUMBER_OBJECT_CONVERSION = YES_AGGRESSIVE;
				CLANG_CXX_LANGUAGE_STANDARD = "gnu++14";
				CLANG_CXX_LIBRARY = "libc++";
				CLANG_ENABLE_MODULES = YES;
				CLANG_ENABLE_OBJC_ARC = YES;
				CLANG_ENABLE_OBJC_WEAK = YES;
				CLANG_WARN_BLOCK_CAPTURE_AUTORELEASING = YES;
				CLANG_WARN_BOOL_CONVERSION = YES;
				CLANG_WARN_COMMA = YES;
				CLANG_WARN_CONSTANT_CONVERSION = YES;
				CLANG_WARN_DEPRECATED_OBJC_IMPLEMENTATIONS = YES;
				CLANG_WARN_DIRECT_OBJC_ISA_USAGE = YES_ERROR;
				CLANG_WARN_DOCUMENTATION_COMMENTS = YES;
				CLANG_WARN_EMPTY_BODY = YES;
				CLANG_WARN_ENUM_CONVERSION = YES;
				CLANG_WARN_INFINITE_RECURSION = YES;
				CLANG_WARN_INT_CONVERSION = YES;
				CLANG_WARN_NON_LITERAL_NULL_CONVERSION = YES;
				CLANG_WARN_OBJC_IMPLICIT_RETAIN_SELF = YES;
				CLANG_WARN_OBJC_LITERAL_CONVERSION = YES;
				CLANG_WARN_OBJC_ROOT_CLASS = YES_ERROR;
				CLANG_WARN_RANGE_LOOP_ANALYSIS = YES;
				CLANG_WARN_STRICT_PROTOTYPES = YES;
				CLANG_WARN_SUSPICIOUS_MOVE = YES;
				CLANG_WARN_UNGUARDED_AVAILABILITY = YES_AGGRESSIVE;
				CLANG_WARN_UNREACHABLE_CODE = YES;
				CLANG_WARN__DUPLICATE_METHOD_MATCH = YES;
				CODE_SIGN_IDENTITY = "iPhone Developer";
				COPY_PHASE_STRIP = NO;
				DEBUG_INFORMATION_FORMAT = dwarf;
				ENABLE_STRICT_OBJC_MSGSEND = YES;
				ENABLE_TESTABILITY = YES;
				GCC_C_LANGUAGE_STANDARD = gnu11;
				GCC_DYNAMIC_NO_PIC = NO;
				GCC_NO_COMMON_BLOCKS = YES;
				GCC_OPTIMIZATION_LEVEL = 0;
				GCC_PREPROCESSOR_DEFINITIONS = (
					"DEBUG=1",
					"$(inherited)",
				);
				GCC_WARN_64_TO_32_BIT_CONVERSION = YES;
				GCC_WARN_ABOUT_RETURN_TYPE = YES_ERROR;
				GCC_WARN_UNDECLARED_SELECTOR = YES;
				GCC_WARN_UNINITIALIZED_AUTOS = YES_AGGRESSIVE;
				GCC_WARN_UNUSED_FUNCTION = YES;
				GCC_WARN_UNUSED_VARIABLE = YES;
				IPHONEOS_DEPLOYMENT_TARGET = 12.1;
				MTL_ENABLE_DEBUG_INFO = INCLUDE_SOURCE;
				MTL_FAST_MATH = YES;
				ONLY_ACTIVE_ARCH = YES;
				SDKROOT = iphoneos;
				SWIFT_ACTIVE_COMPILATION_CONDITIONS = DEBUG;
				SWIFT_OPTIMIZATION_LEVEL = "-Onone";
			};
			name = Debug;
		};
		8420D7AB22BBF28F00FB1866 /* Release */ = {
			isa = XCBuildConfiguration;
			buildSettings = {
				ALWAYS_SEARCH_USER_PATHS = NO;
				CLANG_ANALYZER_LOCALIZABILITY_NONLOCALIZED = YES;
				CLANG_ANALYZER_NONNULL = YES;
				CLANG_ANALYZER_NUMBER_OBJECT_CONVERSION = YES_AGGRESSIVE;
				CLANG_CXX_LANGUAGE_STANDARD = "gnu++14";
				CLANG_CXX_LIBRARY = "libc++";
				CLANG_ENABLE_MODULES = YES;
				CLANG_ENABLE_OBJC_ARC = YES;
				CLANG_ENABLE_OBJC_WEAK = YES;
				CLANG_WARN_BLOCK_CAPTURE_AUTORELEASING = YES;
				CLANG_WARN_BOOL_CONVERSION = YES;
				CLANG_WARN_COMMA = YES;
				CLANG_WARN_CONSTANT_CONVERSION = YES;
				CLANG_WARN_DEPRECATED_OBJC_IMPLEMENTATIONS = YES;
				CLANG_WARN_DIRECT_OBJC_ISA_USAGE = YES_ERROR;
				CLANG_WARN_DOCUMENTATION_COMMENTS = YES;
				CLANG_WARN_EMPTY_BODY = YES;
				CLANG_WARN_ENUM_CONVERSION = YES;
				CLANG_WARN_INFINITE_RECURSION = YES;
				CLANG_WARN_INT_CONVERSION = YES;
				CLANG_WARN_NON_LITERAL_NULL_CONVERSION = YES;
				CLANG_WARN_OBJC_IMPLICIT_RETAIN_SELF = YES;
				CLANG_WARN_OBJC_LITERAL_CONVERSION = YES;
				CLANG_WARN_OBJC_ROOT_CLASS = YES_ERROR;
				CLANG_WARN_RANGE_LOOP_ANALYSIS = YES;
				CLANG_WARN_STRICT_PROTOTYPES = YES;
				CLANG_WARN_SUSPICIOUS_MOVE = YES;
				CLANG_WARN_UNGUARDED_AVAILABILITY = YES_AGGRESSIVE;
				CLANG_WARN_UNREACHABLE_CODE = YES;
				CLANG_WARN__DUPLICATE_METHOD_MATCH = YES;
				CODE_SIGN_IDENTITY = "iPhone Developer";
				COPY_PHASE_STRIP = NO;
				DEBUG_INFORMATION_FORMAT = "dwarf-with-dsym";
				ENABLE_NS_ASSERTIONS = NO;
				ENABLE_STRICT_OBJC_MSGSEND = YES;
				GCC_C_LANGUAGE_STANDARD = gnu11;
				GCC_NO_COMMON_BLOCKS = YES;
				GCC_WARN_64_TO_32_BIT_CONVERSION = YES;
				GCC_WARN_ABOUT_RETURN_TYPE = YES_ERROR;
				GCC_WARN_UNDECLARED_SELECTOR = YES;
				GCC_WARN_UNINITIALIZED_AUTOS = YES_AGGRESSIVE;
				GCC_WARN_UNUSED_FUNCTION = YES;
				GCC_WARN_UNUSED_VARIABLE = YES;
				IPHONEOS_DEPLOYMENT_TARGET = 12.1;
				MTL_ENABLE_DEBUG_INFO = NO;
				MTL_FAST_MATH = YES;
				SDKROOT = iphoneos;
				SWIFT_COMPILATION_MODE = wholemodule;
				SWIFT_OPTIMIZATION_LEVEL = "-O";
				VALIDATE_PRODUCT = YES;
			};
			name = Release;
		};
		8420D7AD22BBF28F00FB1866 /* Debug */ = {
			isa = XCBuildConfiguration;
			buildSettings = {
				ASSETCATALOG_COMPILER_APPICON_NAME = AppIcon;
				CODE_SIGN_STYLE = Automatic;
				INFOPLIST_FILE = Localization/Info.plist;
				LD_RUNPATH_SEARCH_PATHS = (
					"$(inherited)",
					"@executable_path/Frameworks",
				);
				PRODUCT_BUNDLE_IDENTIFIER = com.admin.Localization;
				PRODUCT_NAME = "$(TARGET_NAME)";
				SWIFT_VERSION = 4.2;
				TARGETED_DEVICE_FAMILY = "1,2";
			};
			name = Debug;
		};
		8420D7AE22BBF28F00FB1866 /* Release */ = {
			isa = XCBuildConfiguration;
			buildSettings = {
				ASSETCATALOG_COMPILER_APPICON_NAME = AppIcon;
				CODE_SIGN_STYLE = Automatic;
				INFOPLIST_FILE = Localization/Info.plist;
				LD_RUNPATH_SEARCH_PATHS = (
					"$(inherited)",
					"@executable_path/Frameworks",
				);
				PRODUCT_BUNDLE_IDENTIFIER = com.admin.Localization;
				PRODUCT_NAME = "$(TARGET_NAME)";
				SWIFT_VERSION = 4.2;
				TARGETED_DEVICE_FAMILY = "1,2";
			};
			name = Release;
		};
/* End XCBuildConfiguration section */

/* Begin XCConfigurationList section */
		8420D79522BBF28B00FB1866 /* Build configuration list for PBXProject "Localization" */ = {
			isa = XCConfigurationList;
			buildConfigurations = (
				8420D7AA22BBF28F00FB1866 /* Debug */,
				8420D7AB22BBF28F00FB1866 /* Release */,
			);
			defaultConfigurationIsVisible = 0;
			defaultConfigurationName = Release;
		};
		8420D7AC22BBF28F00FB1866 /* Build configuration list for PBXNativeTarget "Localization" */ = {
			isa = XCConfigurationList;
			buildConfigurations = (
				8420D7AD22BBF28F00FB1866 /* Debug */,
				8420D7AE22BBF28F00FB1866 /* Release */,
			);
			defaultConfigurationIsVisible = 0;
			defaultConfigurationName = Release;
		};
/* End XCConfigurationList section */
	};
	rootObject = 8420D79222BBF28B00FB1866 /* Project object */;
}
